
Microsoft Visual Studio Solution File, Format Version 12.00
# Visual Studio Version 16
VisualStudioVersion = 16.0.32802.440
MinimumVisualStudioVersion = 10.0.40219.1
Project("{8BC9CEB8-8B4A-11D0-8D11-00A0C91BC942}") = "PXSteam", "PXSteam\PXSteam.vcxproj", "{F678E1BC-73BD-4DB5-B0C2-08CCA05DE4F9}"
EndProject
Project("{8BC9CEB8-8B4A-11D0-8D11-00A0C91BC942}") = "PXSteamCPP", "PXSteamCPP\PXSteamCPP.vcxproj", "{BAE0A33B-18AE-4433-A84B-3AD86B8D4BEF}"
EndProject
Project("{8BC9CEB8-8B4A-11D0-8D11-00A0C91BC942}") = "PXSteamCLI", "PXSteamCLI\PXSteamCLI.vcxproj", "{2A6B7D33-6AD9-43EE-8DEF-35FF998E1ED8}"
EndProject
Project("{FAE04EC0-301F-11D3-BF4B-00C04F79EFBC}") = "PXSteamCLITest", "PXSteamCLITest\PXSteamCLITest.csproj", "{B137A7D7-2835-4B17-968C-51118A0EEDEF}"
EndProject
Global
	GlobalSection(SolutionConfigurationPlatforms) = preSolution
		Debug|Any CPU = Debug|Any CPU
		Debug|x64 = Debug|x64
		Debug|x86 = Debug|x86
		Release|Any CPU = Release|Any CPU
		Release|x64 = Release|x64
		Release|x86 = Release|x86
	EndGlobalSection
	GlobalSection(ProjectConfigurationPlatforms) = postSolution
		{F678E1BC-73BD-4DB5-B0C2-08CCA05DE4F9}.Debug|Any CPU.ActiveCfg = Debug|Win32
		{F678E1BC-73BD-4DB5-B0C2-08CCA05DE4F9}.Debug|x64.ActiveCfg = Debug|x64
		{F678E1BC-73BD-4DB5-B0C2-08CCA05DE4F9}.Debug|x64.Build.0 = Debug|x64
		{F678E1BC-73BD-4DB5-B0C2-08CCA05DE4F9}.Debug|x86.ActiveCfg = Debug|Win32
		{F678E1BC-73BD-4DB5-B0C2-08CCA05DE4F9}.Debug|x86.Build.0 = Debug|Win32
		{F678E1BC-73BD-4DB5-B0C2-08CCA05DE4F9}.Release|Any CPU.ActiveCfg = Release|Win32
		{F678E1BC-73BD-4DB5-B0C2-08CCA05DE4F9}.Release|x64.ActiveCfg = Release|x64
		{F678E1BC-73BD-4DB5-B0C2-08CCA05DE4F9}.Release|x64.Build.0 = Release|x64
		{F678E1BC-73BD-4DB5-B0C2-08CCA05DE4F9}.Release|x86.ActiveCfg = Release|Win32
		{F678E1BC-73BD-4DB5-B0C2-08CCA05DE4F9}.Release|x86.Build.0 = Release|Win32
		{BAE0A33B-18AE-4433-A84B-3AD86B8D4BEF}.Debug|Any CPU.ActiveCfg = Debug|Win32
		{BAE0A33B-18AE-4433-A84B-3AD86B8D4BEF}.Debug|x64.ActiveCfg = Debug|x64
		{BAE0A33B-18AE-4433-A84B-3AD86B8D4BEF}.Debug|x64.Build.0 = Debug|x64
		{BAE0A33B-18AE-4433-A84B-3AD86B8D4BEF}.Debug|x86.ActiveCfg = Debug|Win32
		{BAE0A33B-18AE-4433-A84B-3AD86B8D4BEF}.Debug|x86.Build.0 = Debug|Win32
		{BAE0A33B-18AE-4433-A84B-3AD86B8D4BEF}.Release|Any CPU.ActiveCfg = Release|Win32
		{BAE0A33B-18AE-4433-A84B-3AD86B8D4BEF}.Release|x64.ActiveCfg = Release|x64
		{BAE0A33B-18AE-4433-A84B-3AD86B8D4BEF}.Release|x64.Build.0 = Release|x64
		{BAE0A33B-18AE-4433-A84B-3AD86B8D4BEF}.Release|x86.ActiveCfg = Release|Win32
		{BAE0A33B-18AE-4433-A84B-3AD86B8D4BEF}.Release|x86.Build.0 = Release|Win32
		{2A6B7D33-6AD9-43EE-8DEF-35FF998E1ED8}.Debug|Any CPU.ActiveCfg = Debug|Win32
		{2A6B7D33-6AD9-43EE-8DEF-35FF998E1ED8}.Debug|x64.ActiveCfg = Debug|x64
		{2A6B7D33-6AD9-43EE-8DEF-35FF998E1ED8}.Debug|x64.Build.0 = Debug|x64
		{2A6B7D33-6AD9-43EE-8DEF-35FF998E1ED8}.Debug|x86.ActiveCfg = Debug|Win32
		{2A6B7D33-6AD9-43EE-8DEF-35FF998E1ED8}.Debug|x86.Build.0 = Debug|Win32
		{2A6B7D33-6AD9-43EE-8DEF-35FF998E1ED8}.Release|Any CPU.ActiveCfg = Release|Win32
		{2A6B7D33-6AD9-43EE-8DEF-35FF998E1ED8}.Release|x64.ActiveCfg = Release|x64
		{2A6B7D33-6AD9-43EE-8DEF-35FF998E1ED8}.Release|x64.Build.0 = Release|x64
		{2A6B7D33-6AD9-43EE-8DEF-35FF998E1ED8}.Release|x86.ActiveCfg = Release|Win32
		{2A6B7D33-6AD9-43EE-8DEF-35FF998E1ED8}.Release|x86.Build.0 = Release|Win32
		{B137A7D7-2835-4B17-968C-51118A0EEDEF}.Debug|Any CPU.ActiveCfg = Debug|Any CPU
		{B137A7D7-2835-4B17-968C-51118A0EEDEF}.Debug|Any CPU.Build.0 = Debug|Any CPU
		{B137A7D7-2835-4B17-968C-51118A0EEDEF}.Debug|x64.ActiveCfg = Debug|Any CPU
		{B137A7D7-2835-4B17-968C-51118A0EEDEF}.Debug|x64.Build.0 = Debug|Any CPU
		{B137A7D7-2835-4B17-968C-51118A0EEDEF}.Debug|x86.ActiveCfg = Debug|Any CPU
		{B137A7D7-2835-4B17-968C-51118A0EEDEF}.Debug|x86.Build.0 = Debug|Any CPU
		{B137A7D7-2835-4B17-968C-51118A0EEDEF}.Release|Any CPU.ActiveCfg = Release|Any CPU
		{B137A7D7-2835-4B17-968C-51118A0EEDEF}.Release|Any CPU.Build.0 = Release|Any CPU
		{B137A7D7-2835-4B17-968C-51118A0EEDEF}.Release|x64.ActiveCfg = Release|Any CPU
		{B137A7D7-2835-4B17-968C-51118A0EEDEF}.Release|x64.Build.0 = Release|Any CPU
		{B137A7D7-2835-4B17-968C-51118A0EEDEF}.Release|x86.ActiveCfg = Release|Any CPU
		{B137A7D7-2835-4B17-968C-51118A0EEDEF}.Release|x86.Build.0 = Release|Any CPU
	EndGlobalSection
	GlobalSection(SolutionProperties) = preSolution
		HideSolutionNode = FALSE
	EndGlobalSection
	GlobalSection(ExtensibilityGlobals) = postSolution
		SolutionGuid = {36FA8EA3-E093-4F1B-A436-0CC2DD0168FD}
	EndGlobalSection
EndGlobal
